// !$*UTF8*$!
{
	archiveVersion = 1;
	classes = {
	};
	objectVersion = 46;
	objects = {

/* Begin PBXBuildFile section */
		DC00CA461FFCC29800010CC8 /* Character+UnicodeTests.swift in Sources */ = {isa = PBXBuildFile; fileRef = DC00CA451FFCC29800010CC8 /* Character+UnicodeTests.swift */; };
		DC00CA471FFCC2F800010CC8 /* Character+Unicode.swift in Sources */ = {isa = PBXBuildFile; fileRef = DC198B201FFCB4C500A74B4E /* Character+Unicode.swift */; };
		DC198B211FFCB4C500A74B4E /* Character+Unicode.swift in Sources */ = {isa = PBXBuildFile; fileRef = DC198B201FFCB4C500A74B4E /* Character+Unicode.swift */; };
		DC75ABA51E1633C000CA56D7 /* AppDelegate.swift in Sources */ = {isa = PBXBuildFile; fileRef = DC75ABA41E1633C000CA56D7 /* AppDelegate.swift */; };
		DC75ABA71E1633C000CA56D7 /* ViewController.swift in Sources */ = {isa = PBXBuildFile; fileRef = DC75ABA61E1633C000CA56D7 /* ViewController.swift */; };
		DC75ABAA1E1633C000CA56D7 /* Main.storyboard in Resources */ = {isa = PBXBuildFile; fileRef = DC75ABA81E1633C000CA56D7 /* Main.storyboard */; };
		DC75ABAC1E1633C000CA56D7 /* Assets.xcassets in Resources */ = {isa = PBXBuildFile; fileRef = DC75ABAB1E1633C000CA56D7 /* Assets.xcassets */; };
		DC75ABAF1E1633C000CA56D7 /* LaunchScreen.storyboard in Resources */ = {isa = PBXBuildFile; fileRef = DC75ABAD1E1633C000CA56D7 /* LaunchScreen.storyboard */; };
/* End PBXBuildFile section */

/* Begin PBXContainerItemProxy section */
		DC00CA401FFCC21000010CC8 /* PBXContainerItemProxy */ = {
			isa = PBXContainerItemProxy;
			containerPortal = DC75AB991E1633BF00CA56D7 /* Project object */;
			proxyType = 1;
			remoteGlobalIDString = DC75ABA01E1633BF00CA56D7;
			remoteInfo = "SO-41318999";
		};
/* End PBXContainerItemProxy section */

/* Begin PBXFileReference section */
		DC00CA3B1FFCC21000010CC8 /* UnitTests.xctest */ = {isa = PBXFileReference; explicitFileType = wrapper.cfbundle; includeInIndex = 0; path = UnitTests.xctest; sourceTree = BUILT_PRODUCTS_DIR; };
		DC00CA3F1FFCC21000010CC8 /* Info.plist */ = {isa = PBXFileReference; lastKnownFileType = text.plist.xml; path = Info.plist; sourceTree = "<group>"; };
		DC00CA451FFCC29800010CC8 /* Character+UnicodeTests.swift */ = {isa = PBXFileReference; lastKnownFileType = sourcecode.swift; path = "Character+UnicodeTests.swift"; sourceTree = "<group>"; };
		DC198B201FFCB4C500A74B4E /* Character+Unicode.swift */ = {isa = PBXFileReference; lastKnownFileType = sourcecode.swift; path = "Character+Unicode.swift"; sourceTree = "<group>"; };
		DC75ABA11E1633C000CA56D7 /* SO-41318999.app */ = {isa = PBXFileReference; explicitFileType = wrapper.application; includeInIndex = 0; path = "SO-41318999.app"; sourceTree = BUILT_PRODUCTS_DIR; };
		DC75ABA41E1633C000CA56D7 /* AppDelegate.swift */ = {isa = PBXFileReference; lastKnownFileType = sourcecode.swift; path = AppDelegate.swift; sourceTree = "<group>"; };
		DC75ABA61E1633C000CA56D7 /* ViewController.swift */ = {isa = PBXFileReference; lastKnownFileType = sourcecode.swift; path = ViewController.swift; sourceTree = "<group>"; };
		DC75ABA91E1633C000CA56D7 /* Base */ = {isa = PBXFileReference; lastKnownFileType = file.storyboard; name = Base; path = Base.lproj/Main.storyboard; sourceTree = "<group>"; };
		DC75ABAB1E1633C000CA56D7 /* Assets.xcassets */ = {isa = PBXFileReference; lastKnownFileType = folder.assetcatalog; path = Assets.xcassets; sourceTree = "<group>"; };
		DC75ABAE1E1633C000CA56D7 /* Base */ = {isa = PBXFileReference; lastKnownFileType = file.storyboard; name = Base; path = Base.lproj/LaunchScreen.storyboard; sourceTree = "<group>"; };
		DC75ABB01E1633C000CA56D7 /* Info.plist */ = {isa = PBXFileReference; lastKnownFileType = text.plist.xml; path = Info.plist; sourceTree = "<group>"; };
		DCA2D4DE1FFD769A0056E953 /* README.md */ = {isa = PBXFileReference; fileEncoding = 4; lastKnownFileType = net.daringfireball.markdown; path = README.md; sourceTree = SOURCE_ROOT; };
/* End PBXFileReference section */

/* Begin PBXFrameworksBuildPhase section */
		DC00CA381FFCC21000010CC8 /* Frameworks */ = {
			isa = PBXFrameworksBuildPhase;
			buildActionMask = 2147483647;
			files = (
			);
			runOnlyForDeploymentPostprocessing = 0;
		};
		DC75AB9E1E1633BF00CA56D7 /* Frameworks */ = {
			isa = PBXFrameworksBuildPhase;
			buildActionMask = 2147483647;
			files = (
			);
			runOnlyForDeploymentPostprocessing = 0;
		};
/* End PBXFrameworksBuildPhase section */

/* Begin PBXGroup section */
		DC00CA3C1FFCC21000010CC8 /* UnitTests */ = {
			isa = PBXGroup;
			children = (
				DC00CA451FFCC29800010CC8 /* Character+UnicodeTests.swift */,
				DC00CA3F1FFCC21000010CC8 /* Info.plist */,
			);
			path = UnitTests;
			sourceTree = "<group>";
		};
		DC75AB981E1633BF00CA56D7 = {
			isa = PBXGroup;
			children = (
				DCA2D4DE1FFD769A0056E953 /* README.md */,
				DC75ABA31E1633C000CA56D7 /* SO-41318999 */,
				DC00CA3C1FFCC21000010CC8 /* UnitTests */,
				DC75ABA21E1633C000CA56D7 /* Products */,
			);
			sourceTree = "<group>";
		};
		DC75ABA21E1633C000CA56D7 /* Products */ = {
			isa = PBXGroup;
			children = (
				DC75ABA11E1633C000CA56D7 /* SO-41318999.app */,
				DC00CA3B1FFCC21000010CC8 /* UnitTests.xctest */,
			);
			name = Products;
			sourceTree = "<group>";
		};
		DC75ABA31E1633C000CA56D7 /* SO-41318999 */ = {
			isa = PBXGroup;
			children = (
				DC75ABA41E1633C000CA56D7 /* AppDelegate.swift */,
				DC75ABA61E1633C000CA56D7 /* ViewController.swift */,
				DC75ABA81E1633C000CA56D7 /* Main.storyboard */,
				DC75ABAB1E1633C000CA56D7 /* Assets.xcassets */,
				DC75ABAD1E1633C000CA56D7 /* LaunchScreen.storyboard */,
				DC75ABB01E1633C000CA56D7 /* Info.plist */,
				DC198B201FFCB4C500A74B4E /* Character+Unicode.swift */,
			);
			path = "SO-41318999";
			sourceTree = "<group>";
		};
/* End PBXGroup section */

/* Begin PBXNativeTarget section */
		DC00CA3A1FFCC21000010CC8 /* UnitTests */ = {
			isa = PBXNativeTarget;
			buildConfigurationList = DC00CA441FFCC21000010CC8 /* Build configuration list for PBXNativeTarget "UnitTests" */;
			buildPhases = (
				DC00CA371FFCC21000010CC8 /* Sources */,
				DC00CA381FFCC21000010CC8 /* Frameworks */,
				DC00CA391FFCC21000010CC8 /* Resources */,
			);
			buildRules = (
			);
			dependencies = (
				DC00CA411FFCC21000010CC8 /* PBXTargetDependency */,
			);
			name = UnitTests;
			productName = UnitTests;
			productReference = DC00CA3B1FFCC21000010CC8 /* UnitTests.xctest */;
			productType = "com.apple.product-type.bundle.unit-test";
		};
		DC75ABA01E1633BF00CA56D7 /* SO-41318999 */ = {
			isa = PBXNativeTarget;
			buildConfigurationList = DC75ABB31E1633C000CA56D7 /* Build configuration list for PBXNativeTarget "SO-41318999" */;
			buildPhases = (
				DC75AB9D1E1633BF00CA56D7 /* Sources */,
				DC75AB9E1E1633BF00CA56D7 /* Frameworks */,
				DC75AB9F1E1633BF00CA56D7 /* Resources */,
			);
			buildRules = (
			);
			dependencies = (
			);
			name = "SO-41318999";
			productName = "SO-41318999";
			productReference = DC75ABA11E1633C000CA56D7 /* SO-41318999.app */;
			productType = "com.apple.product-type.application";
		};
/* End PBXNativeTarget section */

/* Begin PBXProject section */
		DC75AB991E1633BF00CA56D7 /* Project object */ = {
			isa = PBXProject;
			attributes = {
				LastSwiftUpdateCheck = 0920;
				LastUpgradeCheck = 0940;
				ORGANIZATIONNAME = SwiftArchitect;
				TargetAttributes = {
					DC00CA3A1FFCC21000010CC8 = {
						CreatedOnToolsVersion = 9.2;
						ProvisioningStyle = Automatic;
						TestTargetID = DC75ABA01E1633BF00CA56D7;
					};
					DC75ABA01E1633BF00CA56D7 = {
						CreatedOnToolsVersion = 8.2.1;
						LastSwiftMigration = 0920;
						ProvisioningStyle = Automatic;
					};
				};
			};
			buildConfigurationList = DC75AB9C1E1633BF00CA56D7 /* Build configuration list for PBXProject "SO-41318999" */;
			compatibilityVersion = "Xcode 3.2";
			developmentRegion = English;
			hasScannedForEncodings = 0;
			knownRegions = (
				en,
				Base,
			);
			mainGroup = DC75AB981E1633BF00CA56D7;
			productRefGroup = DC75ABA21E1633C000CA56D7 /* Products */;
			projectDirPath = "";
			projectRoot = "";
			targets = (
				DC75ABA01E1633BF00CA56D7 /* SO-41318999 */,
				DC00CA3A1FFCC21000010CC8 /* UnitTests */,
			);
		};
/* End PBXProject section */

/* Begin PBXResourcesBuildPhase section */
		DC00CA391FFCC21000010CC8 /* Resources */ = {
			isa = PBXResourcesBuildPhase;
			buildActionMask = 2147483647;
			files = (
			);
			runOnlyForDeploymentPostprocessing = 0;
		};
		DC75AB9F1E1633BF00CA56D7 /* Resources */ = {
			isa = PBXResourcesBuildPhase;
			buildActionMask = 2147483647;
			files = (
				DC75ABAF1E1633C000CA56D7 /* LaunchScreen.storyboard in Resources */,
				DC75ABAC1E1633C000CA56D7 /* Assets.xcassets in Resources */,
				DC75ABAA1E1633C000CA56D7 /* Main.storyboard in Resources */,
			);
			runOnlyForDeploymentPostprocessing = 0;
		};
/* End PBXResourcesBuildPhase section */

/* Begin PBXSourcesBuildPhase section */
		DC00CA371FFCC21000010CC8 /* Sources */ = {
			isa = PBXSourcesBuildPhase;
			buildActionMask = 2147483647;
			files = (
				DC00CA461FFCC29800010CC8 /* Character+UnicodeTests.swift in Sources */,
				DC00CA471FFCC2F800010CC8 /* Character+Unicode.swift in Sources */,
			);
			runOnlyForDeploymentPostprocessing = 0;
		};
		DC75AB9D1E1633BF00CA56D7 /* Sources */ = {
			isa = PBXSourcesBuildPhase;
			buildActionMask = 2147483647;
			files = (
				DC75ABA71E1633C000CA56D7 /* ViewController.swift in Sources */,
				DC198B211FFCB4C500A74B4E /* Character+Unicode.swift in Sources */,
				DC75ABA51E1633C000CA56D7 /* AppDelegate.swift in Sources */,
			);
			runOnlyForDeploymentPostprocessing = 0;
		};
/* End PBXSourcesBuildPhase section */

/* Begin PBXTargetDependency section */
		DC00CA411FFCC21000010CC8 /* PBXTargetDependency */ = {
			isa = PBXTargetDependency;
			target = DC75ABA01E1633BF00CA56D7 /* SO-41318999 */;
			targetProxy = DC00CA401FFCC21000010CC8 /* PBXContainerItemProxy */;
		};
/* End PBXTargetDependency section */

/* Begin PBXVariantGroup section */
		DC75ABA81E1633C000CA56D7 /* Main.storyboard */ = {
			isa = PBXVariantGroup;
			children = (
				DC75ABA91E1633C000CA56D7 /* Base */,
			);
			name = Main.storyboard;
			sourceTree = "<group>";
		};
		DC75ABAD1E1633C000CA56D7 /* LaunchScreen.storyboard */ = {
			isa = PBXVariantGroup;
			children = (
				DC75ABAE1E1633C000CA56D7 /* Base */,
			);
			name = LaunchScreen.storyboard;
			sourceTree = "<group>";
		};
/* End PBXVariantGroup section */

/* Begin XCBuildConfiguration section */
		DC00CA421FFCC21000010CC8 /* Debug */ = {
			isa = XCBuildConfiguration;
			buildSettings = {
				BUNDLE_LOADER = "$(TEST_HOST)";
				CLANG_ANALYZER_NUMBER_OBJECT_CONVERSION = YES_AGGRESSIVE;
				CLANG_CXX_LANGUAGE_STANDARD = "gnu++14";
				CLANG_WARN_UNGUARDED_AVAILABILITY = YES_AGGRESSIVE;
				CODE_SIGN_IDENTITY = "iPhone Developer";
				CODE_SIGN_STYLE = Automatic;
				GCC_C_LANGUAGE_STANDARD = gnu11;
				INFOPLIST_FILE = UnitTests/Info.plist;
				IPHONEOS_DEPLOYMENT_TARGET = 11.2;
				LD_RUNPATH_SEARCH_PATHS = "$(inherited) @executable_path/Frameworks @loader_path/Frameworks";
				PRODUCT_BUNDLE_IDENTIFIER = com.swiftarchitect.UnitTests;
				PRODUCT_NAME = "$(TARGET_NAME)";
				SWIFT_VERSION = 4.0;
				TARGETED_DEVICE_FAMILY = "1,2";
				TEST_HOST = "$(BUILT_PRODUCTS_DIR)/SO-41318999.app/SO-41318999";
			};
			name = Debug;
		};
		DC00CA431FFCC21000010CC8 /* Release */ = {
			isa = XCBuildConfiguration;
			buildSettings = {
				BUNDLE_LOADER = "$(TEST_HOST)";
				CLANG_ANALYZER_NUMBER_OBJECT_CONVERSION = YES_AGGRESSIVE;
				CLANG_CXX_LANGUAGE_STANDARD = "gnu++14";
				CLANG_WARN_UNGUARDED_AVAILABILITY = YES_AGGRESSIVE;
				CODE_SIGN_IDENTITY = "iPhone Developer";
				CODE_SIGN_STYLE = Automatic;
				GCC_C_LANGUAGE_STANDARD = gnu11;
				INFOPLIST_FILE = UnitTests/Info.plist;
				IPHONEOS_DEPLOYMENT_TARGET = 11.2;
				LD_RUNPATH_SEARCH_PATHS = "$(inherited) @executable_path/Frameworks @loader_path/Frameworks";
				PRODUCT_BUNDLE_IDENTIFIER = com.swiftarchitect.UnitTests;
				PRODUCT_NAME = "$(TARGET_NAME)";
				SWIFT_VERSION = 4.0;
				TARGETED_DEVICE_FAMILY = "1,2";
				TEST_HOST = "$(BUILT_PRODUCTS_DIR)/SO-41318999.app/SO-41318999";
			};
			name = Release;
		};
		DC75ABB11E1633C000CA56D7 /* Debug */ = {
			isa = XCBuildConfiguration;
			buildSettings = {
				ALWAYS_SEARCH_USER_PATHS = NO;
				CLANG_ANALYZER_NONNULL = YES;
				CLANG_CXX_LANGUAGE_STANDARD = "gnu++0x";
				CLANG_CXX_LIBRARY = "libc++";
				CLANG_ENABLE_MODULES = YES;
				CLANG_ENABLE_OBJC_ARC = YES;
				CLANG_WARN_BLOCK_CAPTURE_AUTORELEASING = YES;
				CLANG_WARN_BOOL_CONVERSION = YES;
				CLANG_WARN_COMMA = YES;
				CLANG_WARN_CONSTANT_CONVERSION = YES;
				CLANG_WARN_DEPRECATED_OBJC_IMPLEMENTATIONS = YES;
				CLANG_WARN_DIRECT_OBJC_ISA_USAGE = YES_ERROR;
				CLANG_WARN_DOCUMENTATION_COMMENTS = YES;
				CLANG_WARN_EMPTY_BODY = YES;
				CLANG_WARN_ENUM_CONVERSION = YES;
				CLANG_WARN_INFINITE_RECURSION = YES;
				CLANG_WARN_INT_CONVERSION = YES;
				CLANG_WARN_NON_LITERAL_NULL_CONVERSION = YES;
				CLANG_WARN_OBJC_IMPLICIT_RETAIN_SELF = YES;
				CLANG_WARN_OBJC_LITERAL_CONVERSION = YES;
				CLANG_WARN_OBJC_ROOT_CLASS = YES_ERROR;
				CLANG_WARN_RANGE_LOOP_ANALYSIS = YES;
				CLANG_WARN_STRICT_PROTOTYPES = YES;
				CLANG_WARN_SUSPICIOUS_MOVE = YES;
				CLANG_WARN_UNREACHABLE_CODE = YES;
				CLANG_WARN__DUPLICATE_METHOD_MATCH = YES;
				"CODE_SIGN_IDENTITY[sdk=iphoneos*]" = "iPhone Developer";
				COPY_PHASE_STRIP = NO;
				DEBUG_INFORMATION_FORMAT = dwarf;
				ENABLE_STRICT_OBJC_MSGSEND = YES;
				ENABLE_TESTABILITY = YES;
				GCC_C_LANGUAGE_STANDARD = gnu99;
				GCC_DYNAMIC_NO_PIC = NO;
				GCC_NO_COMMON_BLOCKS = YES;
				GCC_OPTIMIZATION_LEVEL = 0;
				GCC_PREPROCESSOR_DEFINITIONS = (
					"DEBUG=1",
					"$(inherited)",
				);
				GCC_WARN_64_TO_32_BIT_CONVERSION = YES;
				GCC_WARN_ABOUT_RETURN_TYPE = YES_ERROR;
				GCC_WARN_UNDECLARED_SELECTOR = YES;
				GCC_WARN_UNINITIALIZED_AUTOS = YES_AGGRESSIVE;
				GCC_WARN_UNUSED_FUNCTION = YES;
				GCC_WARN_UNUSED_VARIABLE = YES;
				MTL_ENABLE_DEBUG_INFO = YES;
				ONLY_ACTIVE_ARCH = YES;
				SDKROOT = iphoneos;
				SWIFT_ACTIVE_COMPILATION_CONDITIONS = DEBUG;
				SWIFT_OPTIMIZATION_LEVEL = "-Onone";
				TARGETED_DEVICE_FAMILY = "1,2";
			};
			name = Debug;
		};
		DC75ABB21E1633C000CA56D7 /* Release */ = {
			isa = XCBuildConfiguration;
			buildSettings = {
				ALWAYS_SEARCH_USER_PATHS = NO;
				CLANG_ANALYZER_NONNULL = YES;
				CLANG_CXX_LANGUAGE_STANDARD = "gnu++0x";
				CLANG_CXX_LIBRARY = "libc++";
				CLANG_ENABLE_MODULES = YES;
				CLANG_ENABLE_OBJC_ARC = YES;
				CLANG_WARN_BLOCK_CAPTURE_AUTORELEASING = YES;
				CLANG_WARN_BOOL_CONVERSION = YES;
				CLANG_WARN_COMMA = YES;
				CLANG_WARN_CONSTANT_CONVERSION = YES;
				CLANG_WARN_DEPRECATED_OBJC_IMPLEMENTATIONS = YES;
				CLANG_WARN_DIRECT_OBJC_ISA_USAGE = YES_ERROR;
				CLANG_WARN_DOCUMENTATION_COMMENTS = YES;
				CLANG_WARN_EMPTY_BODY = YES;
				CLANG_WARN_ENUM_CONVERSION = YES;
				CLANG_WARN_INFINITE_RECURSION = YES;
				CLANG_WARN_INT_CONVERSION = YES;
				CLANG_WARN_NON_LITERAL_NULL_CONVERSION = YES;
				CLANG_WARN_OBJC_IMPLICIT_RETAIN_SELF = YES;
				CLANG_WARN_OBJC_LITERAL_CONVERSION = YES;
				CLANG_WARN_OBJC_ROOT_CLASS = YES_ERROR;
				CLANG_WARN_RANGE_LOOP_ANALYSIS = YES;
				CLANG_WARN_STRICT_PROTOTYPES = YES;
				CLANG_WARN_SUSPICIOUS_MOVE = YES;
				CLANG_WARN_UNREACHABLE_CODE = YES;
				CLANG_WARN__DUPLICATE_METHOD_MATCH = YES;
				"CODE_SIGN_IDENTITY[sdk=iphoneos*]" = "iPhone Developer";
				COPY_PHASE_STRIP = NO;
				DEBUG_INFORMATION_FORMAT = "dwarf-with-dsym";
				ENABLE_NS_ASSERTIONS = NO;
				ENABLE_STRICT_OBJC_MSGSEND = YES;
				GCC_C_LANGUAGE_STANDARD = gnu99;
				GCC_NO_COMMON_BLOCKS = YES;
				GCC_WARN_64_TO_32_BIT_CONVERSION = YES;
				GCC_WARN_ABOUT_RETURN_TYPE = YES_ERROR;
				GCC_WARN_UNDECLARED_SELECTOR = YES;
				GCC_WARN_UNINITIALIZED_AUTOS = YES_AGGRESSIVE;
				GCC_WARN_UNUSED_FUNCTION = YES;
				GCC_WARN_UNUSED_VARIABLE = YES;
				MTL_ENABLE_DEBUG_INFO = NO;
				SDKROOT = iphoneos;
				SWIFT_OPTIMIZATION_LEVEL = "-Owholemodule";
				TARGETED_DEVICE_FAMILY = "1,2";
				VALIDATE_PRODUCT = YES;
			};
			name = Release;
		};
		DC75ABB41E1633C000CA56D7 /* Debug */ = {
			isa = XCBuildConfiguration;
			buildSettings = {
				ASSETCATALOG_COMPILER_APPICON_NAME = AppIcon;
				INFOPLIST_FILE = "SO-41318999/Info.plist";
				LD_RUNPATH_SEARCH_PATHS = "$(inherited) @executable_path/Frameworks";
				PRODUCT_BUNDLE_IDENTIFIER = "com.swiftarchitect.SO-41318999";
				PRODUCT_NAME = "$(TARGET_NAME)";
				SWIFT_SWIFT3_OBJC_INFERENCE = Default;
				SWIFT_VERSION = 4.0;
			};
			name = Debug;
		};
		DC75ABB51E1633C000CA56D7 /* Release */ = {
			isa = XCBuildConfiguration;
			buildSettings = {
				ASSETCATALOG_COMPILER_APPICON_NAME = AppIcon;
				INFOPLIST_FILE = "SO-41318999/Info.plist";
				LD_RUNPATH_SEARCH_PATHS = "$(inherited) @executable_path/Frameworks";
				PRODUCT_BUNDLE_IDENTIFIER = "com.swiftarchitect.SO-41318999";
				PRODUCT_NAME = "$(TARGET_NAME)";
				SWIFT_SWIFT3_OBJC_INFERENCE = Default;
				SWIFT_VERSION = 4.0;
			};
			name = Release;
		};
/* End XCBuildConfiguration section */

/* Begin XCConfigurationList section */
		DC00CA441FFCC21000010CC8 /* Build configuration list for PBXNativeTarget "UnitTests" */ = {
			isa = XCConfigurationList;
			buildConfigurations = (
				DC00CA421FFCC21000010CC8 /* Debug */,
				DC00CA431FFCC21000010CC8 /* Release */,
			);
			defaultConfigurationIsVisible = 0;
			defaultConfigurationName = Release;
		};
		DC75AB9C1E1633BF00CA56D7 /* Build configuration list for PBXProject "SO-41318999" */ = {
			isa = XCConfigurationList;
			buildConfigurations = (
				DC75ABB11E1633C000CA56D7 /* Debug */,
				DC75ABB21E1633C000CA56D7 /* Release */,
			);
			defaultConfigurationIsVisible = 0;
			defaultConfigurationName = Release;
		};
		DC75ABB31E1633C000CA56D7 /* Build configuration list for PBXNativeTarget "SO-41318999" */ = {
			isa = XCConfigurationList;
			buildConfigurations = (
				DC75ABB41E1633C000CA56D7 /* Debug */,
				DC75ABB51E1633C000CA56D7 /* Release */,
			);
			defaultConfigurationIsVisible = 0;
			defaultConfigurationName = Release;
		};
/* End XCConfigurationList section */
	};
	rootObject = DC75AB991E1633BF00CA56D7 /* Project object */;
}
